
Microsoft Visual Studio Solution File, Format Version 12.00
# Visual Studio Version 17
VisualStudioVersion = 17.11.35219.272
MinimumVisualStudioVersion = 10.0.40219.1
Project("{FAE04EC0-301F-11D3-BF4B-00C04F79EFBC}") = "TallerdeEventos", "TallerdeEventos\TallerdeEventos.csproj", "{2CF17A81-5E18-4436-8AFE-2996F74BAEF2}"
EndProject
Global
	GlobalSection(SolutionConfigurationPlatforms) = preSolution
		Debug|Any CPU = Debug|Any CPU
		Release|Any CPU = Release|Any CPU
	EndGlobalSection
	GlobalSection(ProjectConfigurationPlatforms) = postSolution
		{2CF17A81-5E18-4436-8AFE-2996F74BAEF2}.Debug|Any CPU.ActiveCfg = Debug|Any CPU
		{2CF17A81-5E18-4436-8AFE-2996F74BAEF2}.Debug|Any CPU.Build.0 = Debug|Any CPU
		{2CF17A81-5E18-4436-8AFE-2996F74BAEF2}.Release|Any CPU.ActiveCfg = Release|Any CPU
		{2CF17A81-5E18-4436-8AFE-2996F74BAEF2}.Release|Any CPU.Build.0 = Release|Any CPU
	EndGlobalSection
	GlobalSection(SolutionProperties) = preSolution
		HideSolutionNode = FALSE
	EndGlobalSection
	GlobalSection(ExtensibilityGlobals) = postSolution
		SolutionGuid = {427D98E7-0DD2-4C8D-9105-08AE0F1D780B}
	EndGlobalSection
EndGlobal
